
Microsoft Visual Studio Solution File, Format Version 12.00
# Visual Studio Version 17
VisualStudioVersion = 17.14.36511.14
MinimumVisualStudioVersion = 10.0.40219.1
Project("{2150E333-8FDC-42A3-9474-1A3956D46DE8}") = "Task0", "Task0", "{02EA681E-C7D8-13C7-8484-4AC65E1B71E8}"
EndProject
Project("{FAE04EC0-301F-11D3-BF4B-00C04F79EFBC}") = "Tyuiu.AfoninME.Sprint1.Task0.V11", "Tyuiu.AfoninME.Sprint1.Task0.V11\Tyuiu.AfoninME.Sprint1.Task0.V11.csproj", "{9B15BB28-AC15-4552-9531-0A412834865A}"
EndProject
Project("{FAE04EC0-301F-11D3-BF4B-00C04F79EFBC}") = "Tyuiu.AfoninME.Sprint1.Task0.V11.Lib", "Tyuiu.AfoninME.Sprint1.Task0.V11.Lib\Tyuiu.AfoninME.Sprint1.Task0.V11.Lib.csproj", "{C65D59D3-4D9E-4C50-91EA-D30CC9B0FAA5}"
EndProject
Project("{FAE04EC0-301F-11D3-BF4B-00C04F79EFBC}") = "Tyuiu.AfoninME.Sprint1.Task0.V11.Test", "Tyuiu.AfoninME.Sprint1.Task0.V11.Test\Tyuiu.AfoninME.Sprint1.Task0.V11.Test.csproj", "{3B631AD0-A113-475A-87B8-582833D95A5E}"
EndProject
Project("{2150E333-8FDC-42A3-9474-1A3956D46DE8}") = "Task1", "Task1", "{AE3B575A-5194-41CC-B51D-31E2AADE84D5}"
EndProject
Project("{FAE04EC0-301F-11D3-BF4B-00C04F79EFBC}") = "Tyuiu.AfoninME.Sprint1.Task1.V4", "Tyuiu.AfoninME.Sprint1.Task1.V4\Tyuiu.AfoninME.Sprint1.Task1.V4.csproj", "{EA659069-1DF9-4FC6-9633-2AB5F13C9F94}"
EndProject
Project("{FAE04EC0-301F-11D3-BF4B-00C04F79EFBC}") = "Tyuiu.AfoninME.Sprint1.Task1.V4.Lib", "Tyuiu.AfoninME.Sprint1.Task1.V4.Lib\Tyuiu.AfoninME.Sprint1.Task1.V4.Lib.csproj", "{78E160DC-A56A-4815-A9C9-68BA6F93CB70}"
EndProject
Project("{FAE04EC0-301F-11D3-BF4B-00C04F79EFBC}") = "Tyuiu.AfoninME.Sprint1.Task1.V4.Test", "Tyuiu.AfoninME.Sprint1.Task1.V4.Test\Tyuiu.AfoninME.Sprint1.Task1.V4.Test.csproj", "{6FDDF23C-EF64-4626-91BA-FBB916D36FBB}"
EndProject
Project("{2150E333-8FDC-42A3-9474-1A3956D46DE8}") = "Task2", "Task2", "{B4A9E553-697B-4837-A99A-FB2F833D54C9}"
EndProject
Project("{FAE04EC0-301F-11D3-BF4B-00C04F79EFBC}") = "Tyuiu.AfoninME.Sprint1.Task2.V18", "Tyuiu.AfoninME.Sprint1.Task2.V18\Tyuiu.AfoninME.Sprint1.Task2.V18.csproj", "{F06E92EC-A23A-4C28-B946-EA1ACE5449B4}"
EndProject
Project("{FAE04EC0-301F-11D3-BF4B-00C04F79EFBC}") = "Tyuiu.AfoninME.Sprint1.Task2.V18.Lib", "Tyuiu.AfoninME.Sprint1.Task2.V18.Lib\Tyuiu.AfoninME.Sprint1.Task2.V18.Lib.csproj", "{FBF815F8-57B8-4E79-8B51-3E50C2CD95EA}"
EndProject
Project("{FAE04EC0-301F-11D3-BF4B-00C04F79EFBC}") = "Tyuiu.AfoninME.Sprint1.Task2.V18.Test", "Tyuiu.AfoninME.Sprint1.Task2.V18.Test\Tyuiu.AfoninME.Sprint1.Task2.V18.Test.csproj", "{151FD6F0-C17C-4175-ABF6-993295DB5E72}"
EndProject
Project("{2150E333-8FDC-42A3-9474-1A3956D46DE8}") = "Task3", "Task3", "{9D08C242-5CBE-4A01-8A80-A01285F1D6CA}"
EndProject
Project("{FAE04EC0-301F-11D3-BF4B-00C04F79EFBC}") = "Tyuiu.AfoninME.Sprint1.Task3.V4.Test", "Tyuiu.AfoninME.Sprint1.Task3.V4.Test\Tyuiu.AfoninME.Sprint1.Task3.V4.Test.csproj", "{E20CC83F-9001-4842-8994-AA2382671F56}"
EndProject
Project("{FAE04EC0-301F-11D3-BF4B-00C04F79EFBC}") = "Tyuiu.AfoninME.Sprint1.Task3.V4.Lib", "Tyuiu.AfoninME.Sprint1.Task3.V4.Lib\Tyuiu.AfoninME.Sprint1.Task3.V4.Lib.csproj", "{EAF470FA-69AA-437F-BB46-9775511B9F55}"
EndProject
Project("{FAE04EC0-301F-11D3-BF4B-00C04F79EFBC}") = "Tyuiu.AfoninME.Sprint1.Task3.V4", "Tyuiu.AfoninME.Sprint1.Task3.V4\Tyuiu.AfoninME.Sprint1.Task3.V4.csproj", "{7480C9AE-A6AE-470C-A082-8DBA6840276C}"
EndProject
Global
	GlobalSection(SolutionConfigurationPlatforms) = preSolution
		Debug|Any CPU = Debug|Any CPU
		Release|Any CPU = Release|Any CPU
	EndGlobalSection
	GlobalSection(ProjectConfigurationPlatforms) = postSolution
		{9B15BB28-AC15-4552-9531-0A412834865A}.Debug|Any CPU.ActiveCfg = Debug|Any CPU
		{9B15BB28-AC15-4552-9531-0A412834865A}.Debug|Any CPU.Build.0 = Debug|Any CPU
		{9B15BB28-AC15-4552-9531-0A412834865A}.Release|Any CPU.ActiveCfg = Release|Any CPU
		{9B15BB28-AC15-4552-9531-0A412834865A}.Release|Any CPU.Build.0 = Release|Any CPU
		{C65D59D3-4D9E-4C50-91EA-D30CC9B0FAA5}.Debug|Any CPU.ActiveCfg = Debug|Any CPU
		{C65D59D3-4D9E-4C50-91EA-D30CC9B0FAA5}.Debug|Any CPU.Build.0 = Debug|Any CPU
		{C65D59D3-4D9E-4C50-91EA-D30CC9B0FAA5}.Release|Any CPU.ActiveCfg = Release|Any CPU
		{C65D59D3-4D9E-4C50-91EA-D30CC9B0FAA5}.Release|Any CPU.Build.0 = Release|Any CPU
		{3B631AD0-A113-475A-87B8-582833D95A5E}.Debug|Any CPU.ActiveCfg = Debug|Any CPU
		{3B631AD0-A113-475A-87B8-582833D95A5E}.Debug|Any CPU.Build.0 = Debug|Any CPU
		{3B631AD0-A113-475A-87B8-582833D95A5E}.Release|Any CPU.ActiveCfg = Release|Any CPU
		{3B631AD0-A113-475A-87B8-582833D95A5E}.Release|Any CPU.Build.0 = Release|Any CPU
		{EA659069-1DF9-4FC6-9633-2AB5F13C9F94}.Debug|Any CPU.ActiveCfg = Debug|Any CPU
		{EA659069-1DF9-4FC6-9633-2AB5F13C9F94}.Debug|Any CPU.Build.0 = Debug|Any CPU
		{EA659069-1DF9-4FC6-9633-2AB5F13C9F94}.Release|Any CPU.ActiveCfg = Release|Any CPU
		{EA659069-1DF9-4FC6-9633-2AB5F13C9F94}.Release|Any CPU.Build.0 = Release|Any CPU
		{78E160DC-A56A-4815-A9C9-68BA6F93CB70}.Debug|Any CPU.ActiveCfg = Debug|Any CPU
		{78E160DC-A56A-4815-A9C9-68BA6F93CB70}.Debug|Any CPU.Build.0 = Debug|Any CPU
		{78E160DC-A56A-4815-A9C9-68BA6F93CB70}.Release|Any CPU.ActiveCfg = Release|Any CPU
		{78E160DC-A56A-4815-A9C9-68BA6F93CB70}.Release|Any CPU.Build.0 = Release|Any CPU
		{6FDDF23C-EF64-4626-91BA-FBB916D36FBB}.Debug|Any CPU.ActiveCfg = Debug|Any CPU
		{6FDDF23C-EF64-4626-91BA-FBB916D36FBB}.Debug|Any CPU.Build.0 = Debug|Any CPU
		{6FDDF23C-EF64-4626-91BA-FBB916D36FBB}.Release|Any CPU.ActiveCfg = Release|Any CPU
		{6FDDF23C-EF64-4626-91BA-FBB916D36FBB}.Release|Any CPU.Build.0 = Release|Any CPU
		{F06E92EC-A23A-4C28-B946-EA1ACE5449B4}.Debug|Any CPU.ActiveCfg = Debug|Any CPU
		{F06E92EC-A23A-4C28-B946-EA1ACE5449B4}.Debug|Any CPU.Build.0 = Debug|Any CPU
		{F06E92EC-A23A-4C28-B946-EA1ACE5449B4}.Release|Any CPU.ActiveCfg = Release|Any CPU
		{F06E92EC-A23A-4C28-B946-EA1ACE5449B4}.Release|Any CPU.Build.0 = Release|Any CPU
		{FBF815F8-57B8-4E79-8B51-3E50C2CD95EA}.Debug|Any CPU.ActiveCfg = Debug|Any CPU
		{FBF815F8-57B8-4E79-8B51-3E50C2CD95EA}.Debug|Any CPU.Build.0 = Debug|Any CPU
		{FBF815F8-57B8-4E79-8B51-3E50C2CD95EA}.Release|Any CPU.ActiveCfg = Release|Any CPU
		{FBF815F8-57B8-4E79-8B51-3E50C2CD95EA}.Release|Any CPU.Build.0 = Release|Any CPU
		{151FD6F0-C17C-4175-ABF6-993295DB5E72}.Debug|Any CPU.ActiveCfg = Debug|Any CPU
		{151FD6F0-C17C-4175-ABF6-993295DB5E72}.Debug|Any CPU.Build.0 = Debug|Any CPU
		{151FD6F0-C17C-4175-ABF6-993295DB5E72}.Release|Any CPU.ActiveCfg = Release|Any CPU
		{151FD6F0-C17C-4175-ABF6-993295DB5E72}.Release|Any CPU.Build.0 = Release|Any CPU
		{E20CC83F-9001-4842-8994-AA2382671F56}.Debug|Any CPU.ActiveCfg = Debug|Any CPU
		{E20CC83F-9001-4842-8994-AA2382671F56}.Debug|Any CPU.Build.0 = Debug|Any CPU
		{E20CC83F-9001-4842-8994-AA2382671F56}.Release|Any CPU.ActiveCfg = Release|Any CPU
		{E20CC83F-9001-4842-8994-AA2382671F56}.Release|Any CPU.Build.0 = Release|Any CPU
		{EAF470FA-69AA-437F-BB46-9775511B9F55}.Debug|Any CPU.ActiveCfg = Debug|Any CPU
		{EAF470FA-69AA-437F-BB46-9775511B9F55}.Debug|Any CPU.Build.0 = Debug|Any CPU
		{EAF470FA-69AA-437F-BB46-9775511B9F55}.Release|Any CPU.ActiveCfg = Release|Any CPU
		{EAF470FA-69AA-437F-BB46-9775511B9F55}.Release|Any CPU.Build.0 = Release|Any CPU
		{7480C9AE-A6AE-470C-A082-8DBA6840276C}.Debug|Any CPU.ActiveCfg = Debug|Any CPU
		{7480C9AE-A6AE-470C-A082-8DBA6840276C}.Debug|Any CPU.Build.0 = Debug|Any CPU
		{7480C9AE-A6AE-470C-A082-8DBA6840276C}.Release|Any CPU.ActiveCfg = Release|Any CPU
		{7480C9AE-A6AE-470C-A082-8DBA6840276C}.Release|Any CPU.Build.0 = Release|Any CPU
	EndGlobalSection
	GlobalSection(SolutionProperties) = preSolution
		HideSolutionNode = FALSE
	EndGlobalSection
	GlobalSection(NestedProjects) = preSolution
		{9B15BB28-AC15-4552-9531-0A412834865A} = {02EA681E-C7D8-13C7-8484-4AC65E1B71E8}
		{C65D59D3-4D9E-4C50-91EA-D30CC9B0FAA5} = {02EA681E-C7D8-13C7-8484-4AC65E1B71E8}
		{3B631AD0-A113-475A-87B8-582833D95A5E} = {02EA681E-C7D8-13C7-8484-4AC65E1B71E8}
		{EA659069-1DF9-4FC6-9633-2AB5F13C9F94} = {AE3B575A-5194-41CC-B51D-31E2AADE84D5}
		{78E160DC-A56A-4815-A9C9-68BA6F93CB70} = {AE3B575A-5194-41CC-B51D-31E2AADE84D5}
		{6FDDF23C-EF64-4626-91BA-FBB916D36FBB} = {AE3B575A-5194-41CC-B51D-31E2AADE84D5}
		{F06E92EC-A23A-4C28-B946-EA1ACE5449B4} = {B4A9E553-697B-4837-A99A-FB2F833D54C9}
		{FBF815F8-57B8-4E79-8B51-3E50C2CD95EA} = {B4A9E553-697B-4837-A99A-FB2F833D54C9}
		{151FD6F0-C17C-4175-ABF6-993295DB5E72} = {B4A9E553-697B-4837-A99A-FB2F833D54C9}
		{E20CC83F-9001-4842-8994-AA2382671F56} = {9D08C242-5CBE-4A01-8A80-A01285F1D6CA}
		{EAF470FA-69AA-437F-BB46-9775511B9F55} = {9D08C242-5CBE-4A01-8A80-A01285F1D6CA}
		{7480C9AE-A6AE-470C-A082-8DBA6840276C} = {9D08C242-5CBE-4A01-8A80-A01285F1D6CA}
	EndGlobalSection
	GlobalSection(ExtensibilityGlobals) = postSolution
		SolutionGuid = {2369FDF7-0F72-4839-9051-C4B53F568788}
	EndGlobalSection
EndGlobal
